// !$*UTF8*$!
{
	archiveVersion = 1;
	classes = {
	};
	objectVersion = 46;
	objects = {

/* Begin PBXBuildFile section */
		A19888E81F21422E001D0039 /* AppDelegate.swift in Sources */ = {isa = PBXBuildFile; fileRef = A19888E71F21422E001D0039 /* AppDelegate.swift */; };
		A19888EA1F21422E001D0039 /* ViewController.swift in Sources */ = {isa = PBXBuildFile; fileRef = A19888E91F21422E001D0039 /* ViewController.swift */; };
		A19888ED1F21422E001D0039 /* Main.storyboard in Resources */ = {isa = PBXBuildFile; fileRef = A19888EB1F21422E001D0039 /* Main.storyboard */; };
		A19888EF1F21422E001D0039 /* Assets.xcassets in Resources */ = {isa = PBXBuildFile; fileRef = A19888EE1F21422E001D0039 /* Assets.xcassets */; };
		A19888F21F21422E001D0039 /* LaunchScreen.storyboard in Resources */ = {isa = PBXBuildFile; fileRef = A19888F01F21422E001D0039 /* LaunchScreen.storyboard */; };
		A19888FD1F21422E001D0039 /* SaveTheKittensTests.swift in Sources */ = {isa = PBXBuildFile; fileRef = A19888FC1F21422E001D0039 /* SaveTheKittensTests.swift */; };
		A19889081F21422E001D0039 /* SaveTheKittensUITests.swift in Sources */ = {isa = PBXBuildFile; fileRef = A19889071F21422E001D0039 /* SaveTheKittensUITests.swift */; };
/* End PBXBuildFile section */

/* Begin PBXContainerItemProxy section */
		A19888F91F21422E001D0039 /* PBXContainerItemProxy */ = {
			isa = PBXContainerItemProxy;
			containerPortal = A19888DC1F21422E001D0039 /* Project object */;
			proxyType = 1;
			remoteGlobalIDString = A19888E31F21422E001D0039;
			remoteInfo = SaveTheKittens;
		};
		A19889041F21422E001D0039 /* PBXContainerItemProxy */ = {
			isa = PBXContainerItemProxy;
			containerPortal = A19888DC1F21422E001D0039 /* Project object */;
			proxyType = 1;
			remoteGlobalIDString = A19888E31F21422E001D0039;
			remoteInfo = SaveTheKittens;
		};
/* End PBXContainerItemProxy section */

/* Begin PBXFileReference section */
		A19888E41F21422E001D0039 /* SaveTheKittens.app */ = {isa = PBXFileReference; explicitFileType = wrapper.application; includeInIndex = 0; path = SaveTheKittens.app; sourceTree = BUILT_PRODUCTS_DIR; };
		A19888E71F21422E001D0039 /* AppDelegate.swift */ = {isa = PBXFileReference; lastKnownFileType = sourcecode.swift; path = AppDelegate.swift; sourceTree = "<group>"; };
		A19888E91F21422E001D0039 /* ViewController.swift */ = {isa = PBXFileReference; lastKnownFileType = sourcecode.swift; path = ViewController.swift; sourceTree = "<group>"; };
		A19888EC1F21422E001D0039 /* Base */ = {isa = PBXFileReference; lastKnownFileType = file.storyboard; name = Base; path = Base.lproj/Main.storyboard; sourceTree = "<group>"; };
		A19888EE1F21422E001D0039 /* Assets.xcassets */ = {isa = PBXFileReference; lastKnownFileType = folder.assetcatalog; path = Assets.xcassets; sourceTree = "<group>"; };
		A19888F11F21422E001D0039 /* Base */ = {isa = PBXFileReference; lastKnownFileType = file.storyboard; name = Base; path = Base.lproj/LaunchScreen.storyboard; sourceTree = "<group>"; };
		A19888F31F21422E001D0039 /* Info.plist */ = {isa = PBXFileReference; lastKnownFileType = text.plist.xml; path = Info.plist; sourceTree = "<group>"; };
		A19888F81F21422E001D0039 /* SaveTheKittensTests.xctest */ = {isa = PBXFileReference; explicitFileType = wrapper.cfbundle; includeInIndex = 0; path = SaveTheKittensTests.xctest; sourceTree = BUILT_PRODUCTS_DIR; };
		A19888FC1F21422E001D0039 /* SaveTheKittensTests.swift */ = {isa = PBXFileReference; lastKnownFileType = sourcecode.swift; path = SaveTheKittensTests.swift; sourceTree = "<group>"; };
		A19888FE1F21422E001D0039 /* Info.plist */ = {isa = PBXFileReference; lastKnownFileType = text.plist.xml; path = Info.plist; sourceTree = "<group>"; };
		A19889031F21422E001D0039 /* SaveTheKittensUITests.xctest */ = {isa = PBXFileReference; explicitFileType = wrapper.cfbundle; includeInIndex = 0; path = SaveTheKittensUITests.xctest; sourceTree = BUILT_PRODUCTS_DIR; };
		A19889071F21422E001D0039 /* SaveTheKittensUITests.swift */ = {isa = PBXFileReference; lastKnownFileType = sourcecode.swift; path = SaveTheKittensUITests.swift; sourceTree = "<group>"; };
		A19889091F21422E001D0039 /* Info.plist */ = {isa = PBXFileReference; lastKnownFileType = text.plist.xml; path = Info.plist; sourceTree = "<group>"; };
/* End PBXFileReference section */

/* Begin PBXFrameworksBuildPhase section */
		A19888E11F21422E001D0039 /* Frameworks */ = {
			isa = PBXFrameworksBuildPhase;
			buildActionMask = 2147483647;
			files = (
			);
			runOnlyForDeploymentPostprocessing = 0;
		};
		A19888F51F21422E001D0039 /* Frameworks */ = {
			isa = PBXFrameworksBuildPhase;
			buildActionMask = 2147483647;
			files = (
			);
			runOnlyForDeploymentPostprocessing = 0;
		};
		A19889001F21422E001D0039 /* Frameworks */ = {
			isa = PBXFrameworksBuildPhase;
			buildActionMask = 2147483647;
			files = (
			);
			runOnlyForDeploymentPostprocessing = 0;
		};
/* End PBXFrameworksBuildPhase section */

/* Begin PBXGroup section */
		A19888DB1F21422E001D0039 = {
			isa = PBXGroup;
			children = (
				A19888E61F21422E001D0039 /* SaveTheKittens */,
				A19888FB1F21422E001D0039 /* SaveTheKittensTests */,
				A19889061F21422E001D0039 /* SaveTheKittensUITests */,
				A19888E51F21422E001D0039 /* Products */,
			);
			sourceTree = "<group>";
		};
		A19888E51F21422E001D0039 /* Products */ = {
			isa = PBXGroup;
			children = (
				A19888E41F21422E001D0039 /* SaveTheKittens.app */,
				A19888F81F21422E001D0039 /* SaveTheKittensTests.xctest */,
				A19889031F21422E001D0039 /* SaveTheKittensUITests.xctest */,
			);
			name = Products;
			sourceTree = "<group>";
		};
		A19888E61F21422E001D0039 /* SaveTheKittens */ = {
			isa = PBXGroup;
			children = (
				A19888E71F21422E001D0039 /* AppDelegate.swift */,
				A19888E91F21422E001D0039 /* ViewController.swift */,
				A19888EB1F21422E001D0039 /* Main.storyboard */,
				A19888EE1F21422E001D0039 /* Assets.xcassets */,
				A19888F01F21422E001D0039 /* LaunchScreen.storyboard */,
				A19888F31F21422E001D0039 /* Info.plist */,
			);
			path = SaveTheKittens;
			sourceTree = "<group>";
		};
		A19888FB1F21422E001D0039 /* SaveTheKittensTests */ = {
			isa = PBXGroup;
			children = (
				A19888FC1F21422E001D0039 /* SaveTheKittensTests.swift */,
				A19888FE1F21422E001D0039 /* Info.plist */,
			);
			path = SaveTheKittensTests;
			sourceTree = "<group>";
		};
		A19889061F21422E001D0039 /* SaveTheKittensUITests */ = {
			isa = PBXGroup;
			children = (
				A19889071F21422E001D0039 /* SaveTheKittensUITests.swift */,
				A19889091F21422E001D0039 /* Info.plist */,
			);
			path = SaveTheKittensUITests;
			sourceTree = "<group>";
		};
/* End PBXGroup section */

/* Begin PBXNativeTarget section */
		A19888E31F21422E001D0039 /* SaveTheKittens */ = {
			isa = PBXNativeTarget;
			buildConfigurationList = A198890C1F21422E001D0039 /* Build configuration list for PBXNativeTarget "SaveTheKittens" */;
			buildPhases = (
				A19888E01F21422E001D0039 /* Sources */,
				A19888E11F21422E001D0039 /* Frameworks */,
				A19888E21F21422E001D0039 /* Resources */,
			);
			buildRules = (
			);
			dependencies = (
			);
			name = SaveTheKittens;
			productName = SaveTheKittens;
			productReference = A19888E41F21422E001D0039 /* SaveTheKittens.app */;
			productType = "com.apple.product-type.application";
		};
		A19888F71F21422E001D0039 /* SaveTheKittensTests */ = {
			isa = PBXNativeTarget;
			buildConfigurationList = A198890F1F21422E001D0039 /* Build configuration list for PBXNativeTarget "SaveTheKittensTests" */;
			buildPhases = (
				A19888F41F21422E001D0039 /* Sources */,
				A19888F51F21422E001D0039 /* Frameworks */,
				A19888F61F21422E001D0039 /* Resources */,
			);
			buildRules = (
			);
			dependencies = (
				A19888FA1F21422E001D0039 /* PBXTargetDependency */,
			);
			name = SaveTheKittensTests;
			productName = SaveTheKittensTests;
			productReference = A19888F81F21422E001D0039 /* SaveTheKittensTests.xctest */;
			productType = "com.apple.product-type.bundle.unit-test";
		};
		A19889021F21422E001D0039 /* SaveTheKittensUITests */ = {
			isa = PBXNativeTarget;
			buildConfigurationList = A19889121F21422E001D0039 /* Build configuration list for PBXNativeTarget "SaveTheKittensUITests" */;
			buildPhases = (
				A19888FF1F21422E001D0039 /* Sources */,
				A19889001F21422E001D0039 /* Frameworks */,
				A19889011F21422E001D0039 /* Resources */,
			);
			buildRules = (
			);
			dependencies = (
				A19889051F21422E001D0039 /* PBXTargetDependency */,
			);
			name = SaveTheKittensUITests;
			productName = SaveTheKittensUITests;
			productReference = A19889031F21422E001D0039 /* SaveTheKittensUITests.xctest */;
			productType = "com.apple.product-type.bundle.ui-testing";
		};
/* End PBXNativeTarget section */

/* Begin PBXProject section */
		A19888DC1F21422E001D0039 /* Project object */ = {
			isa = PBXProject;
			attributes = {
				LastSwiftUpdateCheck = 0830;
				LastUpgradeCheck = 0830;
				ORGANIZATIONNAME = "Antonio Morán Muñoz";
				TargetAttributes = {
					A19888E31F21422E001D0039 = {
						CreatedOnToolsVersion = 8.3.3;
						DevelopmentTeam = BYWJ98ND8T;
						ProvisioningStyle = Automatic;
					};
					A19888F71F21422E001D0039 = {
						CreatedOnToolsVersion = 8.3.3;
						DevelopmentTeam = BYWJ98ND8T;
						ProvisioningStyle = Automatic;
						TestTargetID = A19888E31F21422E001D0039;
					};
					A19889021F21422E001D0039 = {
						CreatedOnToolsVersion = 8.3.3;
						DevelopmentTeam = BYWJ98ND8T;
						ProvisioningStyle = Automatic;
						TestTargetID = A19888E31F21422E001D0039;
					};
				};
			};
			buildConfigurationList = A19888DF1F21422E001D0039 /* Build configuration list for PBXProject "SaveTheKittens" */;
			compatibilityVersion = "Xcode 3.2";
			developmentRegion = English;
			hasScannedForEncodings = 0;
			knownRegions = (
				en,
				Base,
			);
			mainGroup = A19888DB1F21422E001D0039;
			productRefGroup = A19888E51F21422E001D0039 /* Products */;
			projectDirPath = "";
			projectRoot = "";
			targets = (
				A19888E31F21422E001D0039 /* SaveTheKittens */,
				A19888F71F21422E001D0039 /* SaveTheKittensTests */,
				A19889021F21422E001D0039 /* SaveTheKittensUITests */,
			);
		};
/* End PBXProject section */

/* Begin PBXResourcesBuildPhase section */
		A19888E21F21422E001D0039 /* Resources */ = {
			isa = PBXResourcesBuildPhase;
			buildActionMask = 2147483647;
			files = (
				A19888F21F21422E001D0039 /* LaunchScreen.storyboard in Resources */,
				A19888EF1F21422E001D0039 /* Assets.xcassets in Resources */,
				A19888ED1F21422E001D0039 /* Main.storyboard in Resources */,
			);
			runOnlyForDeploymentPostprocessing = 0;
		};
		A19888F61F21422E001D0039 /* Resources */ = {
			isa = PBXResourcesBuildPhase;
			buildActionMask = 2147483647;
			files = (
			);
			runOnlyForDeploymentPostprocessing = 0;
		};
		A19889011F21422E001D0039 /* Resources */ = {
			isa = PBXResourcesBuildPhase;
			buildActionMask = 2147483647;
			files = (
			);
			runOnlyForDeploymentPostprocessing = 0;
		};
/* End PBXResourcesBuildPhase section */

/* Begin PBXSourcesBuildPhase section */
		A19888E01F21422E001D0039 /* Sources */ = {
			isa = PBXSourcesBuildPhase;
			buildActionMask = 2147483647;
			files = (
				A19888EA1F21422E001D0039 /* ViewController.swift in Sources */,
				A19888E81F21422E001D0039 /* AppDelegate.swift in Sources */,
			);
			runOnlyForDeploymentPostprocessing = 0;
		};
		A19888F41F21422E001D0039 /* Sources */ = {
			isa = PBXSourcesBuildPhase;
			buildActionMask = 2147483647;
			files = (
				A19888FD1F21422E001D0039 /* SaveTheKittensTests.swift in Sources */,
			);
			runOnlyForDeploymentPostprocessing = 0;
		};
		A19888FF1F21422E001D0039 /* Sources */ = {
			isa = PBXSourcesBuildPhase;
			buildActionMask = 2147483647;
			files = (
				A19889081F21422E001D0039 /* SaveTheKittensUITests.swift in Sources */,
			);
			runOnlyForDeploymentPostprocessing = 0;
		};
/* End PBXSourcesBuildPhase section */

/* Begin PBXTargetDependency section */
		A19888FA1F21422E001D0039 /* PBXTargetDependency */ = {
			isa = PBXTargetDependency;
			target = A19888E31F21422E001D0039 /* SaveTheKittens */;
			targetProxy = A19888F91F21422E001D0039 /* PBXContainerItemProxy */;
		};
		A19889051F21422E001D0039 /* PBXTargetDependency */ = {
			isa = PBXTargetDependency;
			target = A19888E31F21422E001D0039 /* SaveTheKittens */;
			targetProxy = A19889041F21422E001D0039 /* PBXContainerItemProxy */;
		};
/* End PBXTargetDependency section */

/* Begin PBXVariantGroup section */
		A19888EB1F21422E001D0039 /* Main.storyboard */ = {
			isa = PBXVariantGroup;
			children = (
				A19888EC1F21422E001D0039 /* Base */,
			);
			name = Main.storyboard;
			sourceTree = "<group>";
		};
		A19888F01F21422E001D0039 /* LaunchScreen.storyboard */ = {
			isa = PBXVariantGroup;
			children = (
				A19888F11F21422E001D0039 /* Base */,
			);
			name = LaunchScreen.storyboard;
			sourceTree = "<group>";
		};
/* End PBXVariantGroup section */

/* Begin XCBuildConfiguration section */
		A198890A1F21422E001D0039 /* Debug */ = {
			isa = XCBuildConfiguration;
			buildSettings = {
				ALWAYS_SEARCH_USER_PATHS = NO;
				CLANG_ANALYZER_NONNULL = YES;
				CLANG_ANALYZER_NUMBER_OBJECT_CONVERSION = YES_AGGRESSIVE;
				CLANG_CXX_LANGUAGE_STANDARD = "gnu++0x";
				CLANG_CXX_LIBRARY = "libc++";
				CLANG_ENABLE_MODULES = YES;
				CLANG_ENABLE_OBJC_ARC = YES;
				CLANG_WARN_BOOL_CONVERSION = YES;
				CLANG_WARN_CONSTANT_CONVERSION = YES;
				CLANG_WARN_DIRECT_OBJC_ISA_USAGE = YES_ERROR;
				CLANG_WARN_DOCUMENTATION_COMMENTS = YES;
				CLANG_WARN_EMPTY_BODY = YES;
				CLANG_WARN_ENUM_CONVERSION = YES;
				CLANG_WARN_INFINITE_RECURSION = YES;
				CLANG_WARN_INT_CONVERSION = YES;
				CLANG_WARN_OBJC_ROOT_CLASS = YES_ERROR;
				CLANG_WARN_SUSPICIOUS_MOVE = YES;
				CLANG_WARN_UNREACHABLE_CODE = YES;
				CLANG_WARN__DUPLICATE_METHOD_MATCH = YES;
				"CODE_SIGN_IDENTITY[sdk=iphoneos*]" = "iPhone Developer";
				COPY_PHASE_STRIP = NO;
				DEBUG_INFORMATION_FORMAT = dwarf;
				ENABLE_STRICT_OBJC_MSGSEND = YES;
				ENABLE_TESTABILITY = YES;
				GCC_C_LANGUAGE_STANDARD = gnu99;
				GCC_DYNAMIC_NO_PIC = NO;
				GCC_NO_COMMON_BLOCKS = YES;
				GCC_OPTIMIZATION_LEVEL = 0;
				GCC_PREPROCESSOR_DEFINITIONS = (
					"DEBUG=1",
					"$(inherited)",
				);
				GCC_WARN_64_TO_32_BIT_CONVERSION = YES;
				GCC_WARN_ABOUT_RETURN_TYPE = YES_ERROR;
				GCC_WARN_UNDECLARED_SELECTOR = YES;
				GCC_WARN_UNINITIALIZED_AUTOS = YES_AGGRESSIVE;
				GCC_WARN_UNUSED_FUNCTION = YES;
				GCC_WARN_UNUSED_VARIABLE = YES;
				IPHONEOS_DEPLOYMENT_TARGET = 10.3;
				MTL_ENABLE_DEBUG_INFO = YES;
				ONLY_ACTIVE_ARCH = YES;
				SDKROOT = iphoneos;
				SWIFT_ACTIVE_COMPILATION_CONDITIONS = DEBUG;
				SWIFT_OPTIMIZATION_LEVEL = "-Onone";
				TARGETED_DEVICE_FAMILY = "1,2";
			};
			name = Debug;
		};
		A198890B1F21422E001D0039 /* Release */ = {
			isa = XCBuildConfiguration;
			buildSettings = {
				ALWAYS_SEARCH_USER_PATHS = NO;
				CLANG_ANALYZER_NONNULL = YES;
				CLANG_ANALYZER_NUMBER_OBJECT_CONVERSION = YES_AGGRESSIVE;
				CLANG_CXX_LANGUAGE_STANDARD = "gnu++0x";
				CLANG_CXX_LIBRARY = "libc++";
				CLANG_ENABLE_MODULES = YES;
				CLANG_ENABLE_OBJC_ARC = YES;
				CLANG_WARN_BOOL_CONVERSION = YES;
				CLANG_WARN_CONSTANT_CONVERSION = YES;
				CLANG_WARN_DIRECT_OBJC_ISA_USAGE = YES_ERROR;
				CLANG_WARN_DOCUMENTATION_COMMENTS = YES;
				CLANG_WARN_EMPTY_BODY = YES;
				CLANG_WARN_ENUM_CONVERSION = YES;
				CLANG_WARN_INFINITE_RECURSION = YES;
				CLANG_WARN_INT_CONVERSION = YES;
				CLANG_WARN_OBJC_ROOT_CLASS = YES_ERROR;
				CLANG_WARN_SUSPICIOUS_MOVE = YES;
				CLANG_WARN_UNREACHABLE_CODE = YES;
				CLANG_WARN__DUPLICATE_METHOD_MATCH = YES;
				"CODE_SIGN_IDENTITY[sdk=iphoneos*]" = "iPhone Developer";
				COPY_PHASE_STRIP = NO;
				DEBUG_INFORMATION_FORMAT = "dwarf-with-dsym";
				ENABLE_NS_ASSERTIONS = NO;
				ENABLE_STRICT_OBJC_MSGSEND = YES;
				GCC_C_LANGUAGE_STANDARD = gnu99;
				GCC_NO_COMMON_BLOCKS = YES;
				GCC_WARN_64_TO_32_BIT_CONVERSION = YES;
				GCC_WARN_ABOUT_RETURN_TYPE = YES_ERROR;
				GCC_WARN_UNDECLARED_SELECTOR = YES;
				GCC_WARN_UNINITIALIZED_AUTOS = YES_AGGRESSIVE;
				GCC_WARN_UNUSED_FUNCTION = YES;
				GCC_WARN_UNUSED_VARIABLE = YES;
				IPHONEOS_DEPLOYMENT_TARGET = 10.3;
				MTL_ENABLE_DEBUG_INFO = NO;
				SDKROOT = iphoneos;
				SWIFT_OPTIMIZATION_LEVEL = "-Owholemodule";
				TARGETED_DEVICE_FAMILY = "1,2";
				VALIDATE_PRODUCT = YES;
			};
			name = Release;
		};
		A198890D1F21422E001D0039 /* Debug */ = {
			isa = XCBuildConfiguration;
			buildSettings = {
				ASSETCATALOG_COMPILER_APPICON_NAME = AppIcon;
				DEVELOPMENT_TEAM = BYWJ98ND8T;
				INFOPLIST_FILE = SaveTheKittens/Info.plist;
				LD_RUNPATH_SEARCH_PATHS = "$(inherited) @executable_path/Frameworks";
				PRODUCT_BUNDLE_IDENTIFIER = Kertoi.SaveTheKittens;
				PRODUCT_NAME = "$(TARGET_NAME)";
				SWIFT_VERSION = 3.0;
			};
			name = Debug;
		};
		A198890E1F21422E001D0039 /* Release */ = {
			isa = XCBuildConfiguration;
			buildSettings = {
				ASSETCATALOG_COMPILER_APPICON_NAME = AppIcon;
				DEVELOPMENT_TEAM = BYWJ98ND8T;
				INFOPLIST_FILE = SaveTheKittens/Info.plist;
				LD_RUNPATH_SEARCH_PATHS = "$(inherited) @executable_path/Frameworks";
				PRODUCT_BUNDLE_IDENTIFIER = Kertoi.SaveTheKittens;
				PRODUCT_NAME = "$(TARGET_NAME)";
				SWIFT_VERSION = 3.0;
			};
			name = Release;
		};
		A19889101F21422E001D0039 /* Debug */ = {
			isa = XCBuildConfiguration;
			buildSettings = {
				ALWAYS_EMBED_SWIFT_STANDARD_LIBRARIES = YES;
				BUNDLE_LOADER = "$(TEST_HOST)";
				DEVELOPMENT_TEAM = BYWJ98ND8T;
				INFOPLIST_FILE = SaveTheKittensTests/Info.plist;
				LD_RUNPATH_SEARCH_PATHS = "$(inherited) @executable_path/Frameworks @loader_path/Frameworks";
				PRODUCT_BUNDLE_IDENTIFIER = Kertoi.SaveTheKittensTests;
				PRODUCT_NAME = "$(TARGET_NAME)";
				SWIFT_VERSION = 3.0;
				TEST_HOST = "$(BUILT_PRODUCTS_DIR)/SaveTheKittens.app/SaveTheKittens";
			};
			name = Debug;
		};
		A19889111F21422E001D0039 /* Release */ = {
			isa = XCBuildConfiguration;
			buildSettings = {
				ALWAYS_EMBED_SWIFT_STANDARD_LIBRARIES = YES;
				BUNDLE_LOADER = "$(TEST_HOST)";
				DEVELOPMENT_TEAM = BYWJ98ND8T;
				INFOPLIST_FILE = SaveTheKittensTests/Info.plist;
				LD_RUNPATH_SEARCH_PATHS = "$(inherited) @executable_path/Frameworks @loader_path/Frameworks";
				PRODUCT_BUNDLE_IDENTIFIER = Kertoi.SaveTheKittensTests;
				PRODUCT_NAME = "$(TARGET_NAME)";
				SWIFT_VERSION = 3.0;
				TEST_HOST = "$(BUILT_PRODUCTS_DIR)/SaveTheKittens.app/SaveTheKittens";
			};
			name = Release;
		};
		A19889131F21422E001D0039 /* Debug */ = {
			isa = XCBuildConfiguration;
			buildSettings = {
				ALWAYS_EMBED_SWIFT_STANDARD_LIBRARIES = YES;
				DEVELOPMENT_TEAM = BYWJ98ND8T;
				INFOPLIST_FILE = SaveTheKittensUITests/Info.plist;
				LD_RUNPATH_SEARCH_PATHS = "$(inherited) @executable_path/Frameworks @loader_path/Frameworks";
				PRODUCT_BUNDLE_IDENTIFIER = Kertoi.SaveTheKittensUITests;
				PRODUCT_NAME = "$(TARGET_NAME)";
				SWIFT_VERSION = 3.0;
				TEST_TARGET_NAME = SaveTheKittens;
			};
			name = Debug;
		};
		A19889141F21422E001D0039 /* Release */ = {
			isa = XCBuildConfiguration;
			buildSettings = {
				ALWAYS_EMBED_SWIFT_STANDARD_LIBRARIES = YES;
				DEVELOPMENT_TEAM = BYWJ98ND8T;
				INFOPLIST_FILE = SaveTheKittensUITests/Info.plist;
				LD_RUNPATH_SEARCH_PATHS = "$(inherited) @executable_path/Frameworks @loader_path/Frameworks";
				PRODUCT_BUNDLE_IDENTIFIER = Kertoi.SaveTheKittensUITests;
				PRODUCT_NAME = "$(TARGET_NAME)";
				SWIFT_VERSION = 3.0;
				TEST_TARGET_NAME = SaveTheKittens;
			};
			name = Release;
		};
/* End XCBuildConfiguration section */

/* Begin XCConfigurationList section */
		A19888DF1F21422E001D0039 /* Build configuration list for PBXProject "SaveTheKittens" */ = {
			isa = XCConfigurationList;
			buildConfigurations = (
				A198890A1F21422E001D0039 /* Debug */,
				A198890B1F21422E001D0039 /* Release */,
			);
			defaultConfigurationIsVisible = 0;
			defaultConfigurationName = Release;
		};
		A198890C1F21422E001D0039 /* Build configuration list for PBXNativeTarget "SaveTheKittens" */ = {
			isa = XCConfigurationList;
			buildConfigurations = (
				A198890D1F21422E001D0039 /* Debug */,
				A198890E1F21422E001D0039 /* Release */,
			);
			defaultConfigurationIsVisible = 0;
		};
		A198890F1F21422E001D0039 /* Build configuration list for PBXNativeTarget "SaveTheKittensTests" */ = {
			isa = XCConfigurationList;
			buildConfigurations = (
				A19889101F21422E001D0039 /* Debug */,
				A19889111F21422E001D0039 /* Release */,
			);
			defaultConfigurationIsVisible = 0;
		};
		A19889121F21422E001D0039 /* Build configuration list for PBXNativeTarget "SaveTheKittensUITests" */ = {
			isa = XCConfigurationList;
			buildConfigurations = (
				A19889131F21422E001D0039 /* Debug */,
				A19889141F21422E001D0039 /* Release */,
			);
			defaultConfigurationIsVisible = 0;
		};
/* End XCConfigurationList section */
	};
	rootObject = A19888DC1F21422E001D0039 /* Project object */;
}
